
Microsoft Visual Studio Solution File, Format Version 12.00
# Visual Studio 15
VisualStudioVersion = 15.0.28307.1145
MinimumVisualStudioVersion = 10.0.40219.1
Project("{FAE04EC0-301F-11D3-BF4B-00C04F79EFBC}") = "MdelVdationDemo", "MdelVdationDemo\MdelVdationDemo.csproj", "{B0CE9D20-257E-4C7F-B19A-4A3FCEE4C5E1}"
EndProject
Global
	GlobalSection(SolutionConfigurationPlatforms) = preSolution
		Debug|Any CPU = Debug|Any CPU
		Release|Any CPU = Release|Any CPU
	EndGlobalSection
	GlobalSection(ProjectConfigurationPlatforms) = postSolution
		{B0CE9D20-257E-4C7F-B19A-4A3FCEE4C5E1}.Debug|Any CPU.ActiveCfg = Debug|Any CPU
		{B0CE9D20-257E-4C7F-B19A-4A3FCEE4C5E1}.Debug|Any CPU.Build.0 = Debug|Any CPU
		{B0CE9D20-257E-4C7F-B19A-4A3FCEE4C5E1}.Release|Any CPU.ActiveCfg = Release|Any CPU
		{B0CE9D20-257E-4C7F-B19A-4A3FCEE4C5E1}.Release|Any CPU.Build.0 = Release|Any CPU
	EndGlobalSection
	GlobalSection(SolutionProperties) = preSolution
		HideSolutionNode = FALSE
	EndGlobalSection
	GlobalSection(ExtensibilityGlobals) = postSolution
		SolutionGuid = {0A47F5D3-F603-4EF0-803F-405A58077445}
	EndGlobalSection
EndGlobal
